{
  "name": "TS_hackathon_2019",
  "requires": true,
  "lockfileVersion": 1,
  "dependencies": {
    "@procore/core-css": {
      "version": "7.2.5",
      "resolved": "https://registry.npmjs.org/@procore/core-css/-/core-css-7.2.5.tgz",
      "integrity": "sha512-Or1Qxs/SGK1Ado1aV2cVxobaY9eOAdpGt6dlT2katfhHIdoY5lRxGryCPHVMDDB3m1joDkZXCUNSKoca4sA93g==",
      "requires": {
        "flexboxgrid2": "7.2.1"
      }
    },
    "flexboxgrid2": {
      "version": "7.2.1",
      "resolved": "https://registry.npmjs.org/flexboxgrid2/-/flexboxgrid2-7.2.1.tgz",
      "integrity": "sha512-O2bO5ZcBXnFy7cYmyt/CKb6CuwzNuUPxWJt8WOiaot8SetE9zyUahXGTSpKDm3+CTYQ5YeEMPeunMdjcxKJz4w==",
      "requires": {
        "normalize.css": "^7.0.0"
      }
    },
    "normalize.css": {
      "version": "7.0.0",
      "resolved": "https://registry.npmjs.org/normalize.css/-/normalize.css-7.0.0.tgz",
      "integrity": "sha1-q/sd2CRwZ04DIrU86xqvQSk45L8="
    }
  }
}
