# THIS IS AN AUTOGENERATED FILE. DO NOT EDIT THIS FILE DIRECTLY.
# yarn lockfile v1


"@procore/core-css@^7.2.5":
  version "7.2.5"
  resolved "https://registry.yarnpkg.com/@procore/core-css/-/core-css-7.2.5.tgz#283574fdc9e5053f40b1b7316758e5f78cd58398"
  integrity sha512-Or1Qxs/SGK1Ado1aV2cVxobaY9eOAdpGt6dlT2katfhHIdoY5lRxGryCPHVMDDB3m1joDkZXCUNSKoca4sA93g==
  dependencies:
    flexboxgrid2 "7.2.1"

flexboxgrid2@7.2.1:
  version "7.2.1"
  resolved "https://registry.yarnpkg.com/flexboxgrid2/-/flexboxgrid2-7.2.1.tgz#3ffb9661ca5a9e96468eae648f8caf279bd0b2a4"
  integrity sha512-O2bO5ZcBXnFy7cYmyt/CKb6CuwzNuUPxWJt8WOiaot8SetE9zyUahXGTSpKDm3+CTYQ5YeEMPeunMdjcxKJz4w==
  dependencies:
    normalize.css "^7.0.0"

normalize.css@^7.0.0:
  version "7.0.0"
  resolved "https://registry.yarnpkg.com/normalize.css/-/normalize.css-7.0.0.tgz#abfb1dd82470674e0322b53ceb1aaf412938e4bf"
  integrity sha1-q/sd2CRwZ04DIrU86xqvQSk45L8=
